// !$*UTF8*$!
{
	archiveVersion = 1;
	classes = {
	};
	objectVersion = 51;
	objects = {

/* Begin PBXBuildFile section */
		2C32797820F5E4FC009AFF3F /* AppDelegate.swift in Sources */ = {isa = PBXBuildFile; fileRef = 2C32797720F5E4FC009AFF3F /* AppDelegate.swift */; };
		2C32797F20F5E4FD009AFF3F /* Assets.xcassets in Resources */ = {isa = PBXBuildFile; fileRef = 2C32797E20F5E4FD009AFF3F /* Assets.xcassets */; };
		2C32798220F5E4FD009AFF3F /* LaunchScreen.storyboard in Resources */ = {isa = PBXBuildFile; fileRef = 2C32798020F5E4FD009AFF3F /* LaunchScreen.storyboard */; };
		2CEE82C220F5EE9500BF509A /* Login.storyboard in Resources */ = {isa = PBXBuildFile; fileRef = 2CEE82C120F5EE9500BF509A /* Login.storyboard */; };
		2CEE82D320F6094300BF509A /* LoginViewController.swift in Sources */ = {isa = PBXBuildFile; fileRef = 2CEE82D220F6094300BF509A /* LoginViewController.swift */; };
		2CF1038720F6200C005B1DC3 /* User.swift in Sources */ = {isa = PBXBuildFile; fileRef = 2CF1038620F6200C005B1DC3 /* User.swift */; };
		C1A3F4C50BEFF3F283778B57 /* Pods_TVShows.framework in Frameworks */ = {isa = PBXBuildFile; fileRef = 10CD9B2E75E98E3F792B1D77 /* Pods_TVShows.framework */; };
/* End PBXBuildFile section */

/* Begin PBXFileReference section */
		10CD9B2E75E98E3F792B1D77 /* Pods_TVShows.framework */ = {isa = PBXFileReference; explicitFileType = wrapper.framework; includeInIndex = 0; path = Pods_TVShows.framework; sourceTree = BUILT_PRODUCTS_DIR; };
		2C32797420F5E4FC009AFF3F /* TVShows.app */ = {isa = PBXFileReference; explicitFileType = wrapper.application; includeInIndex = 0; path = TVShows.app; sourceTree = BUILT_PRODUCTS_DIR; };
		2C32797720F5E4FC009AFF3F /* AppDelegate.swift */ = {isa = PBXFileReference; lastKnownFileType = sourcecode.swift; path = AppDelegate.swift; sourceTree = "<group>"; };
		2C32797E20F5E4FD009AFF3F /* Assets.xcassets */ = {isa = PBXFileReference; lastKnownFileType = folder.assetcatalog; path = Assets.xcassets; sourceTree = "<group>"; };
		2C32798120F5E4FD009AFF3F /* Base */ = {isa = PBXFileReference; lastKnownFileType = file.storyboard; name = Base; path = Base.lproj/LaunchScreen.storyboard; sourceTree = "<group>"; };
		2C32798320F5E4FD009AFF3F /* Info.plist */ = {isa = PBXFileReference; lastKnownFileType = text.plist.xml; path = Info.plist; sourceTree = "<group>"; };
		2CEE82C120F5EE9500BF509A /* Login.storyboard */ = {isa = PBXFileReference; lastKnownFileType = file.storyboard; path = Login.storyboard; sourceTree = "<group>"; };
		2CEE82D220F6094300BF509A /* LoginViewController.swift */ = {isa = PBXFileReference; lastKnownFileType = sourcecode.swift; path = LoginViewController.swift; sourceTree = "<group>"; };
		2CF1038620F6200C005B1DC3 /* User.swift */ = {isa = PBXFileReference; lastKnownFileType = sourcecode.swift; path = User.swift; sourceTree = "<group>"; };
		95FE08547FFA503882C49868 /* Pods-TVShows.debug.xcconfig */ = {isa = PBXFileReference; includeInIndex = 1; lastKnownFileType = text.xcconfig; name = "Pods-TVShows.debug.xcconfig"; path = "Pods/Target Support Files/Pods-TVShows/Pods-TVShows.debug.xcconfig"; sourceTree = "<group>"; };
		AE05A2492951CC388CE5B03D /* Pods-TVShows.release.xcconfig */ = {isa = PBXFileReference; includeInIndex = 1; lastKnownFileType = text.xcconfig; name = "Pods-TVShows.release.xcconfig"; path = "Pods/Target Support Files/Pods-TVShows/Pods-TVShows.release.xcconfig"; sourceTree = "<group>"; };
/* End PBXFileReference section */

/* Begin PBXFrameworksBuildPhase section */
		2C32797120F5E4FC009AFF3F /* Frameworks */ = {
			isa = PBXFrameworksBuildPhase;
			buildActionMask = 2147483647;
			files = (
				C1A3F4C50BEFF3F283778B57 /* Pods_TVShows.framework in Frameworks */,
			);
			runOnlyForDeploymentPostprocessing = 0;
		};
/* End PBXFrameworksBuildPhase section */

/* Begin PBXGroup section */
		2C32796B20F5E4FC009AFF3F = {
			isa = PBXGroup;
			children = (
				2C32797620F5E4FC009AFF3F /* TVShows */,
				2C32797520F5E4FC009AFF3F /* Products */,
				FCAF122CBCE40C2A4D7D21FC /* Pods */,
				85CB9EFD46B3D895A88EFE75 /* Frameworks */,
			);
			sourceTree = "<group>";
		};
		2C32797520F5E4FC009AFF3F /* Products */ = {
			isa = PBXGroup;
			children = (
				2C32797420F5E4FC009AFF3F /* TVShows.app */,
			);
			name = Products;
			sourceTree = "<group>";
		};
		2C32797620F5E4FC009AFF3F /* TVShows */ = {
			isa = PBXGroup;
			children = (
				2C32798B20F5E542009AFF3F /* Application */,
				2C32798920F5E518009AFF3F /* Modules */,
				2C32798D20F5E566009AFF3F /* SupportingFiles */,
				2C32798C20F5E561009AFF3F /* Resources */,
			);
			path = TVShows;
			sourceTree = "<group>";
		};
		2C32798920F5E518009AFF3F /* Modules */ = {
			isa = PBXGroup;
			children = (
				2CEE82C320F5EF5200BF509A /* Login */,
			);
			path = Modules;
			sourceTree = "<group>";
		};
		2C32798B20F5E542009AFF3F /* Application */ = {
			isa = PBXGroup;
			children = (
				2C32797720F5E4FC009AFF3F /* AppDelegate.swift */,
			);
			path = Application;
			sourceTree = "<group>";
		};
		2C32798C20F5E561009AFF3F /* Resources */ = {
			isa = PBXGroup;
			children = (
				2C32797E20F5E4FD009AFF3F /* Assets.xcassets */,
			);
			path = Resources;
			sourceTree = "<group>";
		};
		2C32798D20F5E566009AFF3F /* SupportingFiles */ = {
			isa = PBXGroup;
			children = (
				2C32798020F5E4FD009AFF3F /* LaunchScreen.storyboard */,
				2C32798320F5E4FD009AFF3F /* Info.plist */,
			);
			path = SupportingFiles;
			sourceTree = "<group>";
		};
		2CEE82C320F5EF5200BF509A /* Login */ = {
			isa = PBXGroup;
			children = (
				2CEE82C120F5EE9500BF509A /* Login.storyboard */,
				2CEE82D220F6094300BF509A /* LoginViewController.swift */,
				2CF1038620F6200C005B1DC3 /* User.swift */,
			);
			path = Login;
			sourceTree = "<group>";
		};
		85CB9EFD46B3D895A88EFE75 /* Frameworks */ = {
			isa = PBXGroup;
			children = (
				10CD9B2E75E98E3F792B1D77 /* Pods_TVShows.framework */,
			);
			name = Frameworks;
			sourceTree = "<group>";
		};
		FCAF122CBCE40C2A4D7D21FC /* Pods */ = {
			isa = PBXGroup;
			children = (
				95FE08547FFA503882C49868 /* Pods-TVShows.debug.xcconfig */,
				AE05A2492951CC388CE5B03D /* Pods-TVShows.release.xcconfig */,
			);
			name = Pods;
			sourceTree = "<group>";
		};
/* End PBXGroup section */

/* Begin PBXNativeTarget section */
		2C32797320F5E4FC009AFF3F /* TVShows */ = {
			isa = PBXNativeTarget;
			buildConfigurationList = 2C32798620F5E4FD009AFF3F /* Build configuration list for PBXNativeTarget "TVShows" */;
			buildPhases = (
				98DCF91334E65774ED85E2C5 /* [CP] Check Pods Manifest.lock */,
				2C32797020F5E4FC009AFF3F /* Sources */,
				2C32797120F5E4FC009AFF3F /* Frameworks */,
				2C32797220F5E4FC009AFF3F /* Resources */,
				ABDCF04BAF5D2374571D1B3C /* [CP] Embed Pods Frameworks */,
			);
			buildRules = (
			);
			dependencies = (
			);
			name = TVShows;
			productName = TVShows;
			productReference = 2C32797420F5E4FC009AFF3F /* TVShows.app */;
			productType = "com.apple.product-type.application";
		};
/* End PBXNativeTarget section */

/* Begin PBXProject section */
		2C32796C20F5E4FC009AFF3F /* Project object */ = {
			isa = PBXProject;
			attributes = {
				LastSwiftUpdateCheck = 0940;
				LastUpgradeCheck = 1250;
				ORGANIZATIONNAME = "Filip Gulan";
				TargetAttributes = {
					2C32797320F5E4FC009AFF3F = {
						CreatedOnToolsVersion = 9.4;
					};
				};
			};
			buildConfigurationList = 2C32796F20F5E4FC009AFF3F /* Build configuration list for PBXProject "TVShows" */;
			compatibilityVersion = "Xcode 9.3";
			developmentRegion = en;
			hasScannedForEncodings = 0;
			knownRegions = (
				en,
				Base,
			);
			mainGroup = 2C32796B20F5E4FC009AFF3F;
			productRefGroup = 2C32797520F5E4FC009AFF3F /* Products */;
			projectDirPath = "";
			projectRoot = "";
			targets = (
				2C32797320F5E4FC009AFF3F /* TVShows */,
			);
		};
/* End PBXProject section */

/* Begin PBXResourcesBuildPhase section */
		2C32797220F5E4FC009AFF3F /* Resources */ = {
			isa = PBXResourcesBuildPhase;
			buildActionMask = 2147483647;
			files = (
				2C32798220F5E4FD009AFF3F /* LaunchScreen.storyboard in Resources */,
				2C32797F20F5E4FD009AFF3F /* Assets.xcassets in Resources */,
				2CEE82C220F5EE9500BF509A /* Login.storyboard in Resources */,
			);
			runOnlyForDeploymentPostprocessing = 0;
		};
/* End PBXResourcesBuildPhase section */

/* Begin PBXShellScriptBuildPhase section */
		98DCF91334E65774ED85E2C5 /* [CP] Check Pods Manifest.lock */ = {
			isa = PBXShellScriptBuildPhase;
			buildActionMask = 2147483647;
			files = (
			);
			inputPaths = (
				"${PODS_PODFILE_DIR_PATH}/Podfile.lock",
				"${PODS_ROOT}/Manifest.lock",
			);
			name = "[CP] Check Pods Manifest.lock";
			outputPaths = (
				"$(DERIVED_FILE_DIR)/Pods-TVShows-checkManifestLockResult.txt",
			);
			runOnlyForDeploymentPostprocessing = 0;
			shellPath = /bin/sh;
			shellScript = "diff \"${PODS_PODFILE_DIR_PATH}/Podfile.lock\" \"${PODS_ROOT}/Manifest.lock\" > /dev/null\nif [ $? != 0 ] ; then\n    # print error to STDERR\n    echo \"error: The sandbox is not in sync with the Podfile.lock. Run 'pod install' or update your CocoaPods installation.\" >&2\n    exit 1\nfi\n# This output is used by Xcode 'outputs' to avoid re-running this script phase.\necho \"SUCCESS\" > \"${SCRIPT_OUTPUT_FILE_0}\"\n";
			showEnvVarsInLog = 0;
		};
		ABDCF04BAF5D2374571D1B3C /* [CP] Embed Pods Frameworks */ = {
			isa = PBXShellScriptBuildPhase;
			buildActionMask = 2147483647;
			files = (
			);
			inputFileListPaths = (
				"${PODS_ROOT}/Target Support Files/Pods-TVShows/Pods-TVShows-frameworks-${CONFIGURATION}-input-files.xcfilelist",
			);
			name = "[CP] Embed Pods Frameworks";
			outputFileListPaths = (
				"${PODS_ROOT}/Target Support Files/Pods-TVShows/Pods-TVShows-frameworks-${CONFIGURATION}-output-files.xcfilelist",
			);
			runOnlyForDeploymentPostprocessing = 0;
			shellPath = /bin/sh;
			shellScript = "\"${PODS_ROOT}/Target Support Files/Pods-TVShows/Pods-TVShows-frameworks.sh\"\n";
			showEnvVarsInLog = 0;
		};
/* End PBXShellScriptBuildPhase section */

/* Begin PBXSourcesBuildPhase section */
		2C32797020F5E4FC009AFF3F /* Sources */ = {
			isa = PBXSourcesBuildPhase;
			buildActionMask = 2147483647;
			files = (
				2CEE82D320F6094300BF509A /* LoginViewController.swift in Sources */,
				2C32797820F5E4FC009AFF3F /* AppDelegate.swift in Sources */,
				2CF1038720F6200C005B1DC3 /* User.swift in Sources */,
			);
			runOnlyForDeploymentPostprocessing = 0;
		};
/* End PBXSourcesBuildPhase section */

/* Begin PBXVariantGroup section */
		2C32798020F5E4FD009AFF3F /* LaunchScreen.storyboard */ = {
			isa = PBXVariantGroup;
			children = (
				2C32798120F5E4FD009AFF3F /* Base */,
			);
			name = LaunchScreen.storyboard;
			sourceTree = "<group>";
		};
/* End PBXVariantGroup section */

/* Begin XCBuildConfiguration section */
		2C32798420F5E4FD009AFF3F /* Debug */ = {
			isa = XCBuildConfiguration;
			buildSettings = {
				ALWAYS_SEARCH_USER_PATHS = NO;
				CLANG_ANALYZER_NONNULL = YES;
				CLANG_ANALYZER_NUMBER_OBJECT_CONVERSION = YES_AGGRESSIVE;
				CLANG_CXX_LANGUAGE_STANDARD = "gnu++14";
				CLANG_CXX_LIBRARY = "libc++";
				CLANG_ENABLE_MODULES = YES;
				CLANG_ENABLE_OBJC_ARC = YES;
				CLANG_ENABLE_OBJC_WEAK = YES;
				CLANG_WARN_BLOCK_CAPTURE_AUTORELEASING = YES;
				CLANG_WARN_BOOL_CONVERSION = YES;
				CLANG_WARN_COMMA = YES;
				CLANG_WARN_CONSTANT_CONVERSION = YES;
				CLANG_WARN_DEPRECATED_OBJC_IMPLEMENTATIONS = YES;
				CLANG_WARN_DIRECT_OBJC_ISA_USAGE = YES_ERROR;
				CLANG_WARN_DOCUMENTATION_COMMENTS = YES;
				CLANG_WARN_EMPTY_BODY = YES;
				CLANG_WARN_ENUM_CONVERSION = YES;
				CLANG_WARN_INFINITE_RECURSION = YES;
				CLANG_WARN_INT_CONVERSION = YES;
				CLANG_WARN_NON_LITERAL_NULL_CONVERSION = YES;
				CLANG_WARN_OBJC_IMPLICIT_RETAIN_SELF = YES;
				CLANG_WARN_OBJC_LITERAL_CONVERSION = YES;
				CLANG_WARN_OBJC_ROOT_CLASS = YES_ERROR;
				CLANG_WARN_QUOTED_INCLUDE_IN_FRAMEWORK_HEADER = YES;
				CLANG_WARN_RANGE_LOOP_ANALYSIS = YES;
				CLANG_WARN_STRICT_PROTOTYPES = YES;
				CLANG_WARN_SUSPICIOUS_MOVE = YES;
				CLANG_WARN_UNGUARDED_AVAILABILITY = YES_AGGRESSIVE;
				CLANG_WARN_UNREACHABLE_CODE = YES;
				CLANG_WARN__DUPLICATE_METHOD_MATCH = YES;
				CODE_SIGN_IDENTITY = "iPhone Developer";
				COPY_PHASE_STRIP = NO;
				DEBUG_INFORMATION_FORMAT = dwarf;
				ENABLE_STRICT_OBJC_MSGSEND = YES;
				ENABLE_TESTABILITY = YES;
				GCC_C_LANGUAGE_STANDARD = gnu11;
				GCC_DYNAMIC_NO_PIC = NO;
				GCC_NO_COMMON_BLOCKS = YES;
				GCC_OPTIMIZATION_LEVEL = 0;
				GCC_PREPROCESSOR_DEFINITIONS = (
					"DEBUG=1",
					"$(inherited)",
				);
				GCC_WARN_64_TO_32_BIT_CONVERSION = YES;
				GCC_WARN_ABOUT_RETURN_TYPE = YES_ERROR;
				GCC_WARN_UNDECLARED_SELECTOR = YES;
				GCC_WARN_UNINITIALIZED_AUTOS = YES_AGGRESSIVE;
				GCC_WARN_UNUSED_FUNCTION = YES;
				GCC_WARN_UNUSED_VARIABLE = YES;
				IPHONEOS_DEPLOYMENT_TARGET = 13.0;
				MTL_ENABLE_DEBUG_INFO = YES;
				ONLY_ACTIVE_ARCH = YES;
				SDKROOT = iphoneos;
				SWIFT_ACTIVE_COMPILATION_CONDITIONS = DEBUG;
				SWIFT_OPTIMIZATION_LEVEL = "-Onone";
				SWIFT_VERSION = 5.0;
			};
			name = Debug;
		};
		2C32798520F5E4FD009AFF3F /* Release */ = {
			isa = XCBuildConfiguration;
			buildSettings = {
				ALWAYS_SEARCH_USER_PATHS = NO;
				CLANG_ANALYZER_NONNULL = YES;
				CLANG_ANALYZER_NUMBER_OBJECT_CONVERSION = YES_AGGRESSIVE;
				CLANG_CXX_LANGUAGE_STANDARD = "gnu++14";
				CLANG_CXX_LIBRARY = "libc++";
				CLANG_ENABLE_MODULES = YES;
				CLANG_ENABLE_OBJC_ARC = YES;
				CLANG_ENABLE_OBJC_WEAK = YES;
				CLANG_WARN_BLOCK_CAPTURE_AUTORELEASING = YES;
				CLANG_WARN_BOOL_CONVERSION = YES;
				CLANG_WARN_COMMA = YES;
				CLANG_WARN_CONSTANT_CONVERSION = YES;
				CLANG_WARN_DEPRECATED_OBJC_IMPLEMENTATIONS = YES;
				CLANG_WARN_DIRECT_OBJC_ISA_USAGE = YES_ERROR;
				CLANG_WARN_DOCUMENTATION_COMMENTS = YES;
				CLANG_WARN_EMPTY_BODY = YES;
				CLANG_WARN_ENUM_CONVERSION = YES;
				CLANG_WARN_INFINITE_RECURSION = YES;
				CLANG_WARN_INT_CONVERSION = YES;
				CLANG_WARN_NON_LITERAL_NULL_CONVERSION = YES;
				CLANG_WARN_OBJC_IMPLICIT_RETAIN_SELF = YES;
				CLANG_WARN_OBJC_LITERAL_CONVERSION = YES;
				CLANG_WARN_OBJC_ROOT_CLASS = YES_ERROR;
				CLANG_WARN_QUOTED_INCLUDE_IN_FRAMEWORK_HEADER = YES;
				CLANG_WARN_RANGE_LOOP_ANALYSIS = YES;
				CLANG_WARN_STRICT_PROTOTYPES = YES;
				CLANG_WARN_SUSPICIOUS_MOVE = YES;
				CLANG_WARN_UNGUARDED_AVAILABILITY = YES_AGGRESSIVE;
				CLANG_WARN_UNREACHABLE_CODE = YES;
				CLANG_WARN__DUPLICATE_METHOD_MATCH = YES;
				CODE_SIGN_IDENTITY = "iPhone Developer";
				COPY_PHASE_STRIP = NO;
				DEBUG_INFORMATION_FORMAT = "dwarf-with-dsym";
				ENABLE_NS_ASSERTIONS = NO;
				ENABLE_STRICT_OBJC_MSGSEND = YES;
				GCC_C_LANGUAGE_STANDARD = gnu11;
				GCC_NO_COMMON_BLOCKS = YES;
				GCC_WARN_64_TO_32_BIT_CONVERSION = YES;
				GCC_WARN_ABOUT_RETURN_TYPE = YES_ERROR;
				GCC_WARN_UNDECLARED_SELECTOR = YES;
				GCC_WARN_UNINITIALIZED_AUTOS = YES_AGGRESSIVE;
				GCC_WARN_UNUSED_FUNCTION = YES;
				GCC_WARN_UNUSED_VARIABLE = YES;
				IPHONEOS_DEPLOYMENT_TARGET = 13.0;
				MTL_ENABLE_DEBUG_INFO = NO;
				SDKROOT = iphoneos;
				SWIFT_COMPILATION_MODE = wholemodule;
				SWIFT_OPTIMIZATION_LEVEL = "-O";
				SWIFT_VERSION = 5.0;
				VALIDATE_PRODUCT = YES;
			};
			name = Release;
		};
		2C32798720F5E4FD009AFF3F /* Debug */ = {
			isa = XCBuildConfiguration;
			baseConfigurationReference = 95FE08547FFA503882C49868 /* Pods-TVShows.debug.xcconfig */;
			buildSettings = {
				ASSETCATALOG_COMPILER_APPICON_NAME = AppIcon;
				CODE_SIGN_STYLE = Automatic;
				DEVELOPMENT_TEAM = 5F5M64F878;
				INFOPLIST_FILE = "$(SRCROOT)/TVShows/SupportingFiles/Info.plist";
				LD_RUNPATH_SEARCH_PATHS = (
					"$(inherited)",
					"@executable_path/Frameworks",
				);
				PRODUCT_BUNDLE_IDENTIFIER = co.infinum.fgulan.TVShows;
				PRODUCT_NAME = "$(TARGET_NAME)";
				TARGETED_DEVICE_FAMILY = 1;
			};
			name = Debug;
		};
		2C32798820F5E4FD009AFF3F /* Release */ = {
			isa = XCBuildConfiguration;
			baseConfigurationReference = AE05A2492951CC388CE5B03D /* Pods-TVShows.release.xcconfig */;
			buildSettings = {
				ASSETCATALOG_COMPILER_APPICON_NAME = AppIcon;
				CODE_SIGN_STYLE = Automatic;
				DEVELOPMENT_TEAM = 5F5M64F878;
				INFOPLIST_FILE = "$(SRCROOT)/TVShows/SupportingFiles/Info.plist";
				LD_RUNPATH_SEARCH_PATHS = (
					"$(inherited)",
					"@executable_path/Frameworks",
				);
				PRODUCT_BUNDLE_IDENTIFIER = co.infinum.fgulan.TVShows;
				PRODUCT_NAME = "$(TARGET_NAME)";
				TARGETED_DEVICE_FAMILY = 1;
			};
			name = Release;
		};
/* End XCBuildConfiguration section */

/* Begin XCConfigurationList section */
		2C32796F20F5E4FC009AFF3F /* Build configuration list for PBXProject "TVShows" */ = {
			isa = XCConfigurationList;
			buildConfigurations = (
				2C32798420F5E4FD009AFF3F /* Debug */,
				2C32798520F5E4FD009AFF3F /* Release */,
			);
			defaultConfigurationIsVisible = 0;
			defaultConfigurationName = Release;
		};
		2C32798620F5E4FD009AFF3F /* Build configuration list for PBXNativeTarget "TVShows" */ = {
			isa = XCConfigurationList;
			buildConfigurations = (
				2C32798720F5E4FD009AFF3F /* Debug */,
				2C32798820F5E4FD009AFF3F /* Release */,
			);
			defaultConfigurationIsVisible = 0;
			defaultConfigurationName = Release;
		};
/* End XCConfigurationList section */
	};
	rootObject = 2C32796C20F5E4FC009AFF3F /* Project object */;
}
