// !$*UTF8*$!
{
	archiveVersion = 1;
	classes = {
	};
	objectVersion = 55;
	objects = {

/* Begin PBXBuildFile section */
		42E620F4289138B4002219BA /* AppDelegate.swift in Sources */ = {isa = PBXBuildFile; fileRef = 42E620F3289138B4002219BA /* AppDelegate.swift */; };
		42E620F6289138B4002219BA /* SceneDelegate.swift in Sources */ = {isa = PBXBuildFile; fileRef = 42E620F5289138B4002219BA /* SceneDelegate.swift */; };
		42E620F8289138B4002219BA /* ViewController.swift in Sources */ = {isa = PBXBuildFile; fileRef = 42E620F7289138B4002219BA /* ViewController.swift */; };
		42E620FD289138B7002219BA /* Assets.xcassets in Resources */ = {isa = PBXBuildFile; fileRef = 42E620FC289138B7002219BA /* Assets.xcassets */; };
		42E6211428913B43002219BA /* Login.storyboard in Resources */ = {isa = PBXBuildFile; fileRef = 42E6211328913B43002219BA /* Login.storyboard */; };
		42E6211628913B4C002219BA /* User.swift in Sources */ = {isa = PBXBuildFile; fileRef = 42E6211528913B4C002219BA /* User.swift */; };
		42E6211828913B62002219BA /* LoginViewController.swift in Sources */ = {isa = PBXBuildFile; fileRef = 42E6211728913B62002219BA /* LoginViewController.swift */; };
		42E6211B28913DE8002219BA /* ShowsViewController.swift in Sources */ = {isa = PBXBuildFile; fileRef = 42E6211A28913DE8002219BA /* ShowsViewController.swift */; };
		42E6211D28913DF7002219BA /* Shows.storyboard in Resources */ = {isa = PBXBuildFile; fileRef = 42E6211C28913DF7002219BA /* Shows.storyboard */; };
		42E6211F28918CDC002219BA /* Show.swift in Sources */ = {isa = PBXBuildFile; fileRef = 42E6211E28918CDC002219BA /* Show.swift */; };
		42E621212891ABA4002219BA /* RatingView.swift in Sources */ = {isa = PBXBuildFile; fileRef = 42E621202891ABA4002219BA /* RatingView.swift */; };
		42E621242891AE3A002219BA /* Details.storyboard in Resources */ = {isa = PBXBuildFile; fileRef = 42E621232891AE3A002219BA /* Details.storyboard */; };
		42E621262891AE48002219BA /* DetailsViewController.swift in Sources */ = {isa = PBXBuildFile; fileRef = 42E621252891AE48002219BA /* DetailsViewController.swift */; };
		42E621282891BACD002219BA /* Review.swift in Sources */ = {isa = PBXBuildFile; fileRef = 42E621272891BACD002219BA /* Review.swift */; };
		42E6212E2892CD64002219BA /* ShowInfoTableViewCell.swift in Sources */ = {isa = PBXBuildFile; fileRef = 42E6212D2892CD64002219BA /* ShowInfoTableViewCell.swift */; };
		42E6213028930E54002219BA /* WriteReview.storyboard in Resources */ = {isa = PBXBuildFile; fileRef = 42E6212F28930E54002219BA /* WriteReview.storyboard */; };
		42E6213328930E6C002219BA /* WriteReviewController.swift in Sources */ = {isa = PBXBuildFile; fileRef = 42E6213228930E6C002219BA /* WriteReviewController.swift */; };
		42E62135289315F5002219BA /* ReviewTableViewCell.swift in Sources */ = {isa = PBXBuildFile; fileRef = 42E62134289315F5002219BA /* ReviewTableViewCell.swift */; };
		42E6213728959390002219BA /* ShowsTableViewCell.swift in Sources */ = {isa = PBXBuildFile; fileRef = 42E6213628959390002219BA /* ShowsTableViewCell.swift */; };
		42E6213A2898796A002219BA /* Profile.storyboard in Resources */ = {isa = PBXBuildFile; fileRef = 42E621392898796A002219BA /* Profile.storyboard */; };
		42E6213D28987980002219BA /* ProfileViewController.swift in Sources */ = {isa = PBXBuildFile; fileRef = 42E6213C28987980002219BA /* ProfileViewController.swift */; };
		42E6213F2899751E002219BA /* AddProfilePhoto.storyboard in Resources */ = {isa = PBXBuildFile; fileRef = 42E6213E2899751E002219BA /* AddProfilePhoto.storyboard */; };
		42E621412899753A002219BA /* AddProfilePhotoViewController.swift in Sources */ = {isa = PBXBuildFile; fileRef = 42E621402899753A002219BA /* AddProfilePhotoViewController.swift */; };
		C930B29745DB60EEE18BACD7 /* Pods_TV_Shows.framework in Frameworks */ = {isa = PBXBuildFile; fileRef = D4E242B1CFAC9E3835EC9254 /* Pods_TV_Shows.framework */; };
/* End PBXBuildFile section */

/* Begin PBXFileReference section */
		174563CA1C2834FF7B25DDF8 /* Pods-TV Shows.release.xcconfig */ = {isa = PBXFileReference; includeInIndex = 1; lastKnownFileType = text.xcconfig; name = "Pods-TV Shows.release.xcconfig"; path = "Target Support Files/Pods-TV Shows/Pods-TV Shows.release.xcconfig"; sourceTree = "<group>"; };
		42E620F0289138B4002219BA /* TV Shows.app */ = {isa = PBXFileReference; explicitFileType = wrapper.application; includeInIndex = 0; path = "TV Shows.app"; sourceTree = BUILT_PRODUCTS_DIR; };
		42E620F3289138B4002219BA /* AppDelegate.swift */ = {isa = PBXFileReference; lastKnownFileType = sourcecode.swift; path = AppDelegate.swift; sourceTree = "<group>"; };
		42E620F5289138B4002219BA /* SceneDelegate.swift */ = {isa = PBXFileReference; lastKnownFileType = sourcecode.swift; path = SceneDelegate.swift; sourceTree = "<group>"; };
		42E620F7289138B4002219BA /* ViewController.swift */ = {isa = PBXFileReference; lastKnownFileType = sourcecode.swift; path = ViewController.swift; sourceTree = "<group>"; };
		42E620FC289138B7002219BA /* Assets.xcassets */ = {isa = PBXFileReference; lastKnownFileType = folder.assetcatalog; path = Assets.xcassets; sourceTree = "<group>"; };
		42E62101289138B7002219BA /* Info.plist */ = {isa = PBXFileReference; lastKnownFileType = text.plist.xml; path = Info.plist; sourceTree = "<group>"; };
		42E6211328913B43002219BA /* Login.storyboard */ = {isa = PBXFileReference; lastKnownFileType = file.storyboard; path = Login.storyboard; sourceTree = "<group>"; };
		42E6211528913B4C002219BA /* User.swift */ = {isa = PBXFileReference; lastKnownFileType = sourcecode.swift; path = User.swift; sourceTree = "<group>"; };
		42E6211728913B62002219BA /* LoginViewController.swift */ = {isa = PBXFileReference; lastKnownFileType = sourcecode.swift; path = LoginViewController.swift; sourceTree = "<group>"; };
		42E6211A28913DE8002219BA /* ShowsViewController.swift */ = {isa = PBXFileReference; lastKnownFileType = sourcecode.swift; path = ShowsViewController.swift; sourceTree = "<group>"; };
		42E6211C28913DF7002219BA /* Shows.storyboard */ = {isa = PBXFileReference; lastKnownFileType = file.storyboard; path = Shows.storyboard; sourceTree = "<group>"; };
		42E6211E28918CDC002219BA /* Show.swift */ = {isa = PBXFileReference; lastKnownFileType = sourcecode.swift; path = Show.swift; sourceTree = "<group>"; };
		42E621202891ABA4002219BA /* RatingView.swift */ = {isa = PBXFileReference; lastKnownFileType = sourcecode.swift; path = RatingView.swift; sourceTree = "<group>"; };
		42E621232891AE3A002219BA /* Details.storyboard */ = {isa = PBXFileReference; lastKnownFileType = file.storyboard; path = Details.storyboard; sourceTree = "<group>"; };
		42E621252891AE48002219BA /* DetailsViewController.swift */ = {isa = PBXFileReference; lastKnownFileType = sourcecode.swift; path = DetailsViewController.swift; sourceTree = "<group>"; };
		42E621272891BACD002219BA /* Review.swift */ = {isa = PBXFileReference; lastKnownFileType = sourcecode.swift; path = Review.swift; sourceTree = "<group>"; };
		42E6212D2892CD64002219BA /* ShowInfoTableViewCell.swift */ = {isa = PBXFileReference; lastKnownFileType = sourcecode.swift; path = ShowInfoTableViewCell.swift; sourceTree = "<group>"; };
		42E6212F28930E54002219BA /* WriteReview.storyboard */ = {isa = PBXFileReference; lastKnownFileType = file.storyboard; path = WriteReview.storyboard; sourceTree = "<group>"; };
		42E6213228930E6C002219BA /* WriteReviewController.swift */ = {isa = PBXFileReference; lastKnownFileType = sourcecode.swift; path = WriteReviewController.swift; sourceTree = "<group>"; };
		42E62134289315F5002219BA /* ReviewTableViewCell.swift */ = {isa = PBXFileReference; lastKnownFileType = sourcecode.swift; path = ReviewTableViewCell.swift; sourceTree = "<group>"; };
		42E6213628959390002219BA /* ShowsTableViewCell.swift */ = {isa = PBXFileReference; lastKnownFileType = sourcecode.swift; path = ShowsTableViewCell.swift; sourceTree = "<group>"; };
		42E621392898796A002219BA /* Profile.storyboard */ = {isa = PBXFileReference; lastKnownFileType = file.storyboard; path = Profile.storyboard; sourceTree = "<group>"; };
		42E6213C28987980002219BA /* ProfileViewController.swift */ = {isa = PBXFileReference; lastKnownFileType = sourcecode.swift; path = ProfileViewController.swift; sourceTree = "<group>"; };
		42E6213E2899751E002219BA /* AddProfilePhoto.storyboard */ = {isa = PBXFileReference; lastKnownFileType = file.storyboard; path = AddProfilePhoto.storyboard; sourceTree = "<group>"; };
		42E621402899753A002219BA /* AddProfilePhotoViewController.swift */ = {isa = PBXFileReference; lastKnownFileType = sourcecode.swift; path = AddProfilePhotoViewController.swift; sourceTree = "<group>"; };
		7CC1B5BFC19B50ACF132DD03 /* Pods-TV Shows.debug.xcconfig */ = {isa = PBXFileReference; includeInIndex = 1; lastKnownFileType = text.xcconfig; name = "Pods-TV Shows.debug.xcconfig"; path = "Target Support Files/Pods-TV Shows/Pods-TV Shows.debug.xcconfig"; sourceTree = "<group>"; };
		D4E242B1CFAC9E3835EC9254 /* Pods_TV_Shows.framework */ = {isa = PBXFileReference; explicitFileType = wrapper.framework; includeInIndex = 0; path = Pods_TV_Shows.framework; sourceTree = BUILT_PRODUCTS_DIR; };
/* End PBXFileReference section */

/* Begin PBXFrameworksBuildPhase section */
		42E620ED289138B4002219BA /* Frameworks */ = {
			isa = PBXFrameworksBuildPhase;
			buildActionMask = 2147483647;
			files = (
				C930B29745DB60EEE18BACD7 /* Pods_TV_Shows.framework in Frameworks */,
			);
			runOnlyForDeploymentPostprocessing = 0;
		};
/* End PBXFrameworksBuildPhase section */

/* Begin PBXGroup section */
		42E620E7289138B4002219BA = {
			isa = PBXGroup;
			children = (
				42E620F2289138B4002219BA /* TV Shows */,
				42E620F1289138B4002219BA /* Products */,
				C8BC1DABEE599BD5C8151F8F /* Pods */,
				CCA132A297B4687E692F8E66 /* Frameworks */,
			);
			sourceTree = "<group>";
		};
		42E620F1289138B4002219BA /* Products */ = {
			isa = PBXGroup;
			children = (
				42E620F0289138B4002219BA /* TV Shows.app */,
			);
			name = Products;
			sourceTree = "<group>";
		};
		42E620F2289138B4002219BA /* TV Shows */ = {
			isa = PBXGroup;
			children = (
				42E6211928913B77002219BA /* Home */,
				42E6211228913B09002219BA /* Login */,
				42E620F3289138B4002219BA /* AppDelegate.swift */,
				42E620F5289138B4002219BA /* SceneDelegate.swift */,
				42E620F7289138B4002219BA /* ViewController.swift */,
				42E620FC289138B7002219BA /* Assets.xcassets */,
				42E62101289138B7002219BA /* Info.plist */,
			);
			path = "TV Shows";
			sourceTree = "<group>";
		};
		42E6211228913B09002219BA /* Login */ = {
			isa = PBXGroup;
			children = (
				42E6211328913B43002219BA /* Login.storyboard */,
				42E6211528913B4C002219BA /* User.swift */,
				42E6211728913B62002219BA /* LoginViewController.swift */,
			);
			path = Login;
			sourceTree = "<group>";
		};
		42E6211928913B77002219BA /* Home */ = {
			isa = PBXGroup;
			children = (
				42E6213828987954002219BA /* Profile */,
				42E62143289A8639002219BA /* Shows */,
				42E621222891AE28002219BA /* Details */,
				42E62142289A85ED002219BA /* Review */,
				42E621202891ABA4002219BA /* RatingView.swift */,
			);
			path = Home;
			sourceTree = "<group>";
		};
		42E621222891AE28002219BA /* Details */ = {
			isa = PBXGroup;
			children = (
				42E621232891AE3A002219BA /* Details.storyboard */,
				42E621252891AE48002219BA /* DetailsViewController.swift */,
				42E6212D2892CD64002219BA /* ShowInfoTableViewCell.swift */,
				42E6213628959390002219BA /* ShowsTableViewCell.swift */,
			);
			path = Details;
			sourceTree = "<group>";
		};
		42E6213828987954002219BA /* Profile */ = {
			isa = PBXGroup;
			children = (
				42E621392898796A002219BA /* Profile.storyboard */,
				42E6213C28987980002219BA /* ProfileViewController.swift */,
				42E6213E2899751E002219BA /* AddProfilePhoto.storyboard */,
				42E621402899753A002219BA /* AddProfilePhotoViewController.swift */,
			);
			path = Profile;
			sourceTree = "<group>";
		};
		42E62142289A85ED002219BA /* Review */ = {
			isa = PBXGroup;
			children = (
				42E6212F28930E54002219BA /* WriteReview.storyboard */,
				42E6213228930E6C002219BA /* WriteReviewController.swift */,
				42E621272891BACD002219BA /* Review.swift */,
				42E62134289315F5002219BA /* ReviewTableViewCell.swift */,
			);
			path = Review;
			sourceTree = "<group>";
		};
		42E62143289A8639002219BA /* Shows */ = {
			isa = PBXGroup;
			children = (
				42E6211C28913DF7002219BA /* Shows.storyboard */,
				42E6211A28913DE8002219BA /* ShowsViewController.swift */,
				42E6211E28918CDC002219BA /* Show.swift */,
			);
			path = Shows;
			sourceTree = "<group>";
		};
		C8BC1DABEE599BD5C8151F8F /* Pods */ = {
			isa = PBXGroup;
			children = (
				7CC1B5BFC19B50ACF132DD03 /* Pods-TV Shows.debug.xcconfig */,
				174563CA1C2834FF7B25DDF8 /* Pods-TV Shows.release.xcconfig */,
			);
			path = Pods;
			sourceTree = "<group>";
		};
		CCA132A297B4687E692F8E66 /* Frameworks */ = {
			isa = PBXGroup;
			children = (
				D4E242B1CFAC9E3835EC9254 /* Pods_TV_Shows.framework */,
			);
			name = Frameworks;
			sourceTree = "<group>";
		};
/* End PBXGroup section */

/* Begin PBXNativeTarget section */
		42E620EF289138B4002219BA /* TV Shows */ = {
			isa = PBXNativeTarget;
			buildConfigurationList = 42E62104289138B7002219BA /* Build configuration list for PBXNativeTarget "TV Shows" */;
			buildPhases = (
				267357BB45D1A44D76CBCE4C /* [CP] Check Pods Manifest.lock */,
				42E620EC289138B4002219BA /* Sources */,
				42E620ED289138B4002219BA /* Frameworks */,
				42E620EE289138B4002219BA /* Resources */,
				67FC0A7050FD9F678582363A /* [CP] Embed Pods Frameworks */,
			);
			buildRules = (
			);
			dependencies = (
			);
			name = "TV Shows";
			productName = "TV Shows";
			productReference = 42E620F0289138B4002219BA /* TV Shows.app */;
			productType = "com.apple.product-type.application";
		};
/* End PBXNativeTarget section */

/* Begin PBXProject section */
		42E620E8289138B4002219BA /* Project object */ = {
			isa = PBXProject;
			attributes = {
				BuildIndependentTargetsInParallel = 1;
				LastSwiftUpdateCheck = 1340;
				LastUpgradeCheck = 1340;
				TargetAttributes = {
					42E620EF289138B4002219BA = {
						CreatedOnToolsVersion = 13.4.1;
					};
				};
			};
			buildConfigurationList = 42E620EB289138B4002219BA /* Build configuration list for PBXProject "TV Shows" */;
			compatibilityVersion = "Xcode 13.0";
			developmentRegion = en;
			hasScannedForEncodings = 0;
			knownRegions = (
				en,
				Base,
			);
			mainGroup = 42E620E7289138B4002219BA;
			productRefGroup = 42E620F1289138B4002219BA /* Products */;
			projectDirPath = "";
			projectRoot = "";
			targets = (
				42E620EF289138B4002219BA /* TV Shows */,
			);
		};
/* End PBXProject section */

/* Begin PBXResourcesBuildPhase section */
		42E620EE289138B4002219BA /* Resources */ = {
			isa = PBXResourcesBuildPhase;
			buildActionMask = 2147483647;
			files = (
				42E6213A2898796A002219BA /* Profile.storyboard in Resources */,
				42E6213028930E54002219BA /* WriteReview.storyboard in Resources */,
				42E6211428913B43002219BA /* Login.storyboard in Resources */,
				42E6211D28913DF7002219BA /* Shows.storyboard in Resources */,
				42E620FD289138B7002219BA /* Assets.xcassets in Resources */,
				42E6213F2899751E002219BA /* AddProfilePhoto.storyboard in Resources */,
				42E621242891AE3A002219BA /* Details.storyboard in Resources */,
			);
			runOnlyForDeploymentPostprocessing = 0;
		};
/* End PBXResourcesBuildPhase section */

/* Begin PBXShellScriptBuildPhase section */
		267357BB45D1A44D76CBCE4C /* [CP] Check Pods Manifest.lock */ = {
			isa = PBXShellScriptBuildPhase;
			buildActionMask = 2147483647;
			files = (
			);
			inputFileListPaths = (
			);
			inputPaths = (
				"${PODS_PODFILE_DIR_PATH}/Podfile.lock",
				"${PODS_ROOT}/Manifest.lock",
			);
			name = "[CP] Check Pods Manifest.lock";
			outputFileListPaths = (
			);
			outputPaths = (
				"$(DERIVED_FILE_DIR)/Pods-TV Shows-checkManifestLockResult.txt",
			);
			runOnlyForDeploymentPostprocessing = 0;
			shellPath = /bin/sh;
			shellScript = "diff \"${PODS_PODFILE_DIR_PATH}/Podfile.lock\" \"${PODS_ROOT}/Manifest.lock\" > /dev/null\nif [ $? != 0 ] ; then\n    # print error to STDERR\n    echo \"error: The sandbox is not in sync with the Podfile.lock. Run 'pod install' or update your CocoaPods installation.\" >&2\n    exit 1\nfi\n# This output is used by Xcode 'outputs' to avoid re-running this script phase.\necho \"SUCCESS\" > \"${SCRIPT_OUTPUT_FILE_0}\"\n";
			showEnvVarsInLog = 0;
		};
		67FC0A7050FD9F678582363A /* [CP] Embed Pods Frameworks */ = {
			isa = PBXShellScriptBuildPhase;
			buildActionMask = 2147483647;
			files = (
			);
			inputFileListPaths = (
				"${PODS_ROOT}/Target Support Files/Pods-TV Shows/Pods-TV Shows-frameworks-${CONFIGURATION}-input-files.xcfilelist",
			);
			name = "[CP] Embed Pods Frameworks";
			outputFileListPaths = (
				"${PODS_ROOT}/Target Support Files/Pods-TV Shows/Pods-TV Shows-frameworks-${CONFIGURATION}-output-files.xcfilelist",
			);
			runOnlyForDeploymentPostprocessing = 0;
			shellPath = /bin/sh;
			shellScript = "\"${PODS_ROOT}/Target Support Files/Pods-TV Shows/Pods-TV Shows-frameworks.sh\"\n";
			showEnvVarsInLog = 0;
		};
/* End PBXShellScriptBuildPhase section */

/* Begin PBXSourcesBuildPhase section */
		42E620EC289138B4002219BA /* Sources */ = {
			isa = PBXSourcesBuildPhase;
			buildActionMask = 2147483647;
			files = (
				42E6211628913B4C002219BA /* User.swift in Sources */,
				42E620F8289138B4002219BA /* ViewController.swift in Sources */,
				42E621262891AE48002219BA /* DetailsViewController.swift in Sources */,
				42E621212891ABA4002219BA /* RatingView.swift in Sources */,
				42E6213728959390002219BA /* ShowsTableViewCell.swift in Sources */,
				42E620F4289138B4002219BA /* AppDelegate.swift in Sources */,
				42E621282891BACD002219BA /* Review.swift in Sources */,
				42E6211828913B62002219BA /* LoginViewController.swift in Sources */,
				42E6213328930E6C002219BA /* WriteReviewController.swift in Sources */,
				42E621412899753A002219BA /* AddProfilePhotoViewController.swift in Sources */,
				42E6211F28918CDC002219BA /* Show.swift in Sources */,
				42E62135289315F5002219BA /* ReviewTableViewCell.swift in Sources */,
				42E620F6289138B4002219BA /* SceneDelegate.swift in Sources */,
				42E6213D28987980002219BA /* ProfileViewController.swift in Sources */,
				42E6211B28913DE8002219BA /* ShowsViewController.swift in Sources */,
				42E6212E2892CD64002219BA /* ShowInfoTableViewCell.swift in Sources */,
			);
			runOnlyForDeploymentPostprocessing = 0;
		};
/* End PBXSourcesBuildPhase section */

/* Begin XCBuildConfiguration section */
		42E62102289138B7002219BA /* Debug */ = {
			isa = XCBuildConfiguration;
			buildSettings = {
				ALWAYS_SEARCH_USER_PATHS = NO;
				CLANG_ANALYZER_NONNULL = YES;
				CLANG_ANALYZER_NUMBER_OBJECT_CONVERSION = YES_AGGRESSIVE;
				CLANG_CXX_LANGUAGE_STANDARD = "gnu++17";
				CLANG_ENABLE_MODULES = YES;
				CLANG_ENABLE_OBJC_ARC = YES;
				CLANG_ENABLE_OBJC_WEAK = YES;
				CLANG_WARN_BLOCK_CAPTURE_AUTORELEASING = YES;
				CLANG_WARN_BOOL_CONVERSION = YES;
				CLANG_WARN_COMMA = YES;
				CLANG_WARN_CONSTANT_CONVERSION = YES;
				CLANG_WARN_DEPRECATED_OBJC_IMPLEMENTATIONS = YES;
				CLANG_WARN_DIRECT_OBJC_ISA_USAGE = YES_ERROR;
				CLANG_WARN_DOCUMENTATION_COMMENTS = YES;
				CLANG_WARN_EMPTY_BODY = YES;
				CLANG_WARN_ENUM_CONVERSION = YES;
				CLANG_WARN_INFINITE_RECURSION = YES;
				CLANG_WARN_INT_CONVERSION = YES;
				CLANG_WARN_NON_LITERAL_NULL_CONVERSION = YES;
				CLANG_WARN_OBJC_IMPLICIT_RETAIN_SELF = YES;
				CLANG_WARN_OBJC_LITERAL_CONVERSION = YES;
				CLANG_WARN_OBJC_ROOT_CLASS = YES_ERROR;
				CLANG_WARN_QUOTED_INCLUDE_IN_FRAMEWORK_HEADER = YES;
				CLANG_WARN_RANGE_LOOP_ANALYSIS = YES;
				CLANG_WARN_STRICT_PROTOTYPES = YES;
				CLANG_WARN_SUSPICIOUS_MOVE = YES;
				CLANG_WARN_UNGUARDED_AVAILABILITY = YES_AGGRESSIVE;
				CLANG_WARN_UNREACHABLE_CODE = YES;
				CLANG_WARN__DUPLICATE_METHOD_MATCH = YES;
				COPY_PHASE_STRIP = NO;
				DEBUG_INFORMATION_FORMAT = dwarf;
				ENABLE_STRICT_OBJC_MSGSEND = YES;
				ENABLE_TESTABILITY = YES;
				GCC_C_LANGUAGE_STANDARD = gnu11;
				GCC_DYNAMIC_NO_PIC = NO;
				GCC_NO_COMMON_BLOCKS = YES;
				GCC_OPTIMIZATION_LEVEL = 0;
				GCC_PREPROCESSOR_DEFINITIONS = (
					"DEBUG=1",
					"$(inherited)",
				);
				GCC_WARN_64_TO_32_BIT_CONVERSION = YES;
				GCC_WARN_ABOUT_RETURN_TYPE = YES_ERROR;
				GCC_WARN_UNDECLARED_SELECTOR = YES;
				GCC_WARN_UNINITIALIZED_AUTOS = YES_AGGRESSIVE;
				GCC_WARN_UNUSED_FUNCTION = YES;
				GCC_WARN_UNUSED_VARIABLE = YES;
				IPHONEOS_DEPLOYMENT_TARGET = 13.0;
				MTL_ENABLE_DEBUG_INFO = INCLUDE_SOURCE;
				MTL_FAST_MATH = YES;
				ONLY_ACTIVE_ARCH = YES;
				SDKROOT = iphoneos;
				SWIFT_ACTIVE_COMPILATION_CONDITIONS = DEBUG;
				SWIFT_OPTIMIZATION_LEVEL = "-Onone";
			};
			name = Debug;
		};
		42E62103289138B7002219BA /* Release */ = {
			isa = XCBuildConfiguration;
			buildSettings = {
				ALWAYS_SEARCH_USER_PATHS = NO;
				CLANG_ANALYZER_NONNULL = YES;
				CLANG_ANALYZER_NUMBER_OBJECT_CONVERSION = YES_AGGRESSIVE;
				CLANG_CXX_LANGUAGE_STANDARD = "gnu++17";
				CLANG_ENABLE_MODULES = YES;
				CLANG_ENABLE_OBJC_ARC = YES;
				CLANG_ENABLE_OBJC_WEAK = YES;
				CLANG_WARN_BLOCK_CAPTURE_AUTORELEASING = YES;
				CLANG_WARN_BOOL_CONVERSION = YES;
				CLANG_WARN_COMMA = YES;
				CLANG_WARN_CONSTANT_CONVERSION = YES;
				CLANG_WARN_DEPRECATED_OBJC_IMPLEMENTATIONS = YES;
				CLANG_WARN_DIRECT_OBJC_ISA_USAGE = YES_ERROR;
				CLANG_WARN_DOCUMENTATION_COMMENTS = YES;
				CLANG_WARN_EMPTY_BODY = YES;
				CLANG_WARN_ENUM_CONVERSION = YES;
				CLANG_WARN_INFINITE_RECURSION = YES;
				CLANG_WARN_INT_CONVERSION = YES;
				CLANG_WARN_NON_LITERAL_NULL_CONVERSION = YES;
				CLANG_WARN_OBJC_IMPLICIT_RETAIN_SELF = YES;
				CLANG_WARN_OBJC_LITERAL_CONVERSION = YES;
				CLANG_WARN_OBJC_ROOT_CLASS = YES_ERROR;
				CLANG_WARN_QUOTED_INCLUDE_IN_FRAMEWORK_HEADER = YES;
				CLANG_WARN_RANGE_LOOP_ANALYSIS = YES;
				CLANG_WARN_STRICT_PROTOTYPES = YES;
				CLANG_WARN_SUSPICIOUS_MOVE = YES;
				CLANG_WARN_UNGUARDED_AVAILABILITY = YES_AGGRESSIVE;
				CLANG_WARN_UNREACHABLE_CODE = YES;
				CLANG_WARN__DUPLICATE_METHOD_MATCH = YES;
				COPY_PHASE_STRIP = NO;
				DEBUG_INFORMATION_FORMAT = "dwarf-with-dsym";
				ENABLE_NS_ASSERTIONS = NO;
				ENABLE_STRICT_OBJC_MSGSEND = YES;
				GCC_C_LANGUAGE_STANDARD = gnu11;
				GCC_NO_COMMON_BLOCKS = YES;
				GCC_WARN_64_TO_32_BIT_CONVERSION = YES;
				GCC_WARN_ABOUT_RETURN_TYPE = YES_ERROR;
				GCC_WARN_UNDECLARED_SELECTOR = YES;
				GCC_WARN_UNINITIALIZED_AUTOS = YES_AGGRESSIVE;
				GCC_WARN_UNUSED_FUNCTION = YES;
				GCC_WARN_UNUSED_VARIABLE = YES;
				IPHONEOS_DEPLOYMENT_TARGET = 13.0;
				MTL_ENABLE_DEBUG_INFO = NO;
				MTL_FAST_MATH = YES;
				SDKROOT = iphoneos;
				SWIFT_COMPILATION_MODE = wholemodule;
				SWIFT_OPTIMIZATION_LEVEL = "-O";
				VALIDATE_PRODUCT = YES;
			};
			name = Release;
		};
		42E62105289138B7002219BA /* Debug */ = {
			isa = XCBuildConfiguration;
			baseConfigurationReference = 7CC1B5BFC19B50ACF132DD03 /* Pods-TV Shows.debug.xcconfig */;
			buildSettings = {
				ASSETCATALOG_COMPILER_APPICON_NAME = AppIcon;
				ASSETCATALOG_COMPILER_GLOBAL_ACCENT_COLOR_NAME = AccentColor;
				CODE_SIGN_STYLE = Automatic;
				CURRENT_PROJECT_VERSION = 1;
				GENERATE_INFOPLIST_FILE = YES;
				INFOPLIST_FILE = "TV Shows/Info.plist";
				INFOPLIST_KEY_UIApplicationSupportsIndirectInputEvents = YES;
				INFOPLIST_KEY_UILaunchStoryboardName = LaunchScreen;
				INFOPLIST_KEY_UIMainStoryboardFile = Login;
				INFOPLIST_KEY_UISupportedInterfaceOrientations_iPad = "UIInterfaceOrientationPortrait UIInterfaceOrientationPortraitUpsideDown UIInterfaceOrientationLandscapeLeft UIInterfaceOrientationLandscapeRight";
				INFOPLIST_KEY_UISupportedInterfaceOrientations_iPhone = "UIInterfaceOrientationPortrait UIInterfaceOrientationLandscapeLeft UIInterfaceOrientationLandscapeRight";
				LD_RUNPATH_SEARCH_PATHS = (
					"$(inherited)",
					"@executable_path/Frameworks",
				);
				MARKETING_VERSION = 1.0;
				PRODUCT_BUNDLE_IDENTIFIER = "com.infinum.bojanD.TV-Shows";
				PRODUCT_NAME = "$(TARGET_NAME)";
				SWIFT_EMIT_LOC_STRINGS = YES;
				SWIFT_VERSION = 5.0;
				TARGETED_DEVICE_FAMILY = "1,2";
			};
			name = Debug;
		};
		42E62106289138B7002219BA /* Release */ = {
			isa = XCBuildConfiguration;
			baseConfigurationReference = 174563CA1C2834FF7B25DDF8 /* Pods-TV Shows.release.xcconfig */;
			buildSettings = {
				ASSETCATALOG_COMPILER_APPICON_NAME = AppIcon;
				ASSETCATALOG_COMPILER_GLOBAL_ACCENT_COLOR_NAME = AccentColor;
				CODE_SIGN_STYLE = Automatic;
				CURRENT_PROJECT_VERSION = 1;
				GENERATE_INFOPLIST_FILE = YES;
				INFOPLIST_FILE = "TV Shows/Info.plist";
				INFOPLIST_KEY_UIApplicationSupportsIndirectInputEvents = YES;
				INFOPLIST_KEY_UILaunchStoryboardName = LaunchScreen;
				INFOPLIST_KEY_UIMainStoryboardFile = Login;
				INFOPLIST_KEY_UISupportedInterfaceOrientations_iPad = "UIInterfaceOrientationPortrait UIInterfaceOrientationPortraitUpsideDown UIInterfaceOrientationLandscapeLeft UIInterfaceOrientationLandscapeRight";
				INFOPLIST_KEY_UISupportedInterfaceOrientations_iPhone = "UIInterfaceOrientationPortrait UIInterfaceOrientationLandscapeLeft UIInterfaceOrientationLandscapeRight";
				LD_RUNPATH_SEARCH_PATHS = (
					"$(inherited)",
					"@executable_path/Frameworks",
				);
				MARKETING_VERSION = 1.0;
				PRODUCT_BUNDLE_IDENTIFIER = "com.infinum.bojanD.TV-Shows";
				PRODUCT_NAME = "$(TARGET_NAME)";
				SWIFT_EMIT_LOC_STRINGS = YES;
				SWIFT_VERSION = 5.0;
				TARGETED_DEVICE_FAMILY = "1,2";
			};
			name = Release;
		};
/* End XCBuildConfiguration section */

/* Begin XCConfigurationList section */
		42E620EB289138B4002219BA /* Build configuration list for PBXProject "TV Shows" */ = {
			isa = XCConfigurationList;
			buildConfigurations = (
				42E62102289138B7002219BA /* Debug */,
				42E62103289138B7002219BA /* Release */,
			);
			defaultConfigurationIsVisible = 0;
			defaultConfigurationName = Release;
		};
		42E62104289138B7002219BA /* Build configuration list for PBXNativeTarget "TV Shows" */ = {
			isa = XCConfigurationList;
			buildConfigurations = (
				42E62105289138B7002219BA /* Debug */,
				42E62106289138B7002219BA /* Release */,
			);
			defaultConfigurationIsVisible = 0;
			defaultConfigurationName = Release;
		};
/* End XCConfigurationList section */
	};
	rootObject = 42E620E8289138B4002219BA /* Project object */;
}
